# This file is generated by running "yarn install" inside your project.
# Manual changes might be lost - proceed with caution!

__metadata:
  version: 8
  cacheKey: 10c0

"@opentelemetry/api-logs@npm:0.203.0":
  version: 0.203.0
  resolution: "@opentelemetry/api-logs@npm:0.203.0"
  dependencies:
    "@opentelemetry/api": "npm:^1.3.0"
  checksum: 10c0/e7a0a0ff46aaeb62192a99f45ef4889222e4fea09be25cab6fea811afc2df95c02ea050b2c98dfc0fc5a6ec6a623d87096af2751fdf91ddbb3afcab61b5325da
  languageName: node
  linkType: hard

"@opentelemetry/api@npm:^1.3.0, @opentelemetry/api@npm:^1.9.0":
  version: 1.9.0
  resolution: "@opentelemetry/api@npm:1.9.0"
  checksum: 10c0/9aae2fe6e8a3a3eeb6c1fdef78e1939cf05a0f37f8a4fae4d6bf2e09eb1e06f966ece85805626e01ba5fab48072b94f19b835449e58b6d26720ee19a58298add
  languageName: node
  linkType: hard

"@opentelemetry/core@npm:^2.0.1":
  version: 2.6.0
  resolution: "@opentelemetry/core@npm:2.6.0"
  dependencies:
    "@opentelemetry/semantic-conventions": "npm:^1.29.0"
  peerDependencies:
    "@opentelemetry/api": ">=1.0.0 <1.10.0"
  checksum: 10c0/526854a3d8917c82b41bfea6ed48f2e9ae38705d1758710b86f879e5c4910b9dbe7fa03d36205e98ebebe4854ae781116d8f298a10cd0fe2e51138e75926ec3a
  languageName: node
  linkType: hard

"@opentelemetry/instrumentation@npm:^0.203.0":
  version: 0.203.0
  resolution: "@opentelemetry/instrumentation@npm:0.203.0"
  dependencies:
    "@opentelemetry/api-logs": "npm:0.203.0"
    import-in-the-middle: "npm:^1.8.1"
    require-in-the-middle: "npm:^7.1.1"
  peerDependencies:
    "@opentelemetry/api": ^1.3.0
  checksum: 10c0/b9de27ea7b42c54b1d0dab15dac62d4fc71c781bb6a48e90fa4ce8ce97be1b78e1fa9f05f58c39f68ca0e4a5590b8538d04209482f6b0632958926f7e80a28c1
  languageName: node
  linkType: hard

"@opentelemetry/semantic-conventions@npm:^1.29.0, @opentelemetry/semantic-conventions@npm:^1.36.0":
  version: 1.40.0
  resolution: "@opentelemetry/semantic-conventions@npm:1.40.0"
  checksum: 10c0/3259de0ea11b52eb70e44c12eba21448392baf9cb74c37b62071c4a5ed7fb89b61e194f3898d40ac6bfa7293617a0e132876cb6e355472b66de0cdb13c50b529
  languageName: node
  linkType: hard

"@respan/instrumentation-openai@workspace:.":
  version: 0.0.0-use.local
  resolution: "@respan/instrumentation-openai@workspace:."
  dependencies:
    "@opentelemetry/api": "npm:^1.9.0"
    "@traceloop/instrumentation-openai": "npm:^0.14.4"
    "@types/node": "npm:^22.15.29"
    typescript: "npm:^5.7.3"
  peerDependencies:
    "@traceloop/instrumentation-openai": ">=0.14.0"
  peerDependenciesMeta:
    "@traceloop/instrumentation-openai":
      optional: false
  languageName: unknown
  linkType: soft

"@traceloop/ai-semantic-conventions@npm:0.14.0":
  version: 0.14.0
  resolution: "@traceloop/ai-semantic-conventions@npm:0.14.0"
  dependencies:
    "@opentelemetry/api": "npm:^1.9.0"
  checksum: 10c0/6ddd60a7045f266fc5f86d564f6293fec6392312a05fc699e3882a640d58f34fb965a254065d863892a2051aa92a84ebddccf9debad9c80713152d1c1b35d986
  languageName: node
  linkType: hard

"@traceloop/instrumentation-openai@npm:^0.14.4":
  version: 0.14.6
  resolution: "@traceloop/instrumentation-openai@npm:0.14.6"
  dependencies:
    "@opentelemetry/api": "npm:^1.9.0"
    "@opentelemetry/core": "npm:^2.0.1"
    "@opentelemetry/instrumentation": "npm:^0.203.0"
    "@opentelemetry/semantic-conventions": "npm:^1.36.0"
    "@traceloop/ai-semantic-conventions": "npm:0.14.0"
    js-tiktoken: "npm:^1.0.20"
    tslib: "npm:^2.8.1"
  checksum: 10c0/ae4fe5a79e0c810345330d3e908f8cda62958083c82c0824848f764491d3af8a28df7d7b4f1f617e0a3f5b42dae6acec16100954b4852233b25ff71bcb40d77c
  languageName: node
  linkType: hard

"@types/node@npm:^22.15.29":
  version: 22.19.15
  resolution: "@types/node@npm:22.19.15"
  dependencies:
    undici-types: "npm:~6.21.0"
  checksum: 10c0/f17eaf3d0d1da5e93ad9e287efb78201f8a5282973c004c5f70d91675c5c6b926a23acaa7b158a42b3d7e27e36b349d65a531710c91c308fca53dd7fa280ef98
  languageName: node
  linkType: hard

"acorn-import-attributes@npm:^1.9.5":
  version: 1.9.5
  resolution: "acorn-import-attributes@npm:1.9.5"
  peerDependencies:
    acorn: ^8
  checksum: 10c0/5926eaaead2326d5a86f322ff1b617b0f698aa61dc719a5baa0e9d955c9885cc71febac3fb5bacff71bbf2c4f9c12db2056883c68c53eb962c048b952e1e013d
  languageName: node
  linkType: hard

"acorn@npm:^8.14.0":
  version: 8.16.0
  resolution: "acorn@npm:8.16.0"
  bin:
    acorn: bin/acorn
  checksum: 10c0/c9c52697227661b68d0debaf972222d4f622aa06b185824164e153438afa7b08273432ca43ea792cadb24dada1d46f6f6bb1ef8de9956979288cc1b96bf9914e
  languageName: node
  linkType: hard

"base64-js@npm:^1.5.1":
  version: 1.5.1
  resolution: "base64-js@npm:1.5.1"
  checksum: 10c0/f23823513b63173a001030fae4f2dabe283b99a9d324ade3ad3d148e218134676f1ee8568c877cd79ec1c53158dcf2d2ba527a97c606618928ba99dd930102bf
  languageName: node
  linkType: hard

"cjs-module-lexer@npm:^1.2.2":
  version: 1.4.3
  resolution: "cjs-module-lexer@npm:1.4.3"
  checksum: 10c0/076b3af85adc4d65dbdab1b5b240fe5b45d44fcf0ef9d429044dd94d19be5589376805c44fb2d4b3e684e5fe6a9b7cf3e426476a6507c45283c5fc6ff95240be
  languageName: node
  linkType: hard

"debug@npm:^4.3.5":
  version: 4.4.3
  resolution: "debug@npm:4.4.3"
  dependencies:
    ms: "npm:^2.1.3"
  peerDependenciesMeta:
    supports-color:
      optional: true
  checksum: 10c0/d79136ec6c83ecbefd0f6a5593da6a9c91ec4d7ddc4b54c883d6e71ec9accb5f67a1a5e96d00a328196b5b5c86d365e98d8a3a70856aaf16b4e7b1985e67f5a6
  languageName: node
  linkType: hard

"function-bind@npm:^1.1.2":
  version: 1.1.2
  resolution: "function-bind@npm:1.1.2"
  checksum: 10c0/d8680ee1e5fcd4c197e4ac33b2b4dce03c71f4d91717292785703db200f5c21f977c568d28061226f9b5900cbcd2c84463646134fd5337e7925e0942bc3f46d5
  languageName: node
  linkType: hard

"hasown@npm:^2.0.2":
  version: 2.0.2
  resolution: "hasown@npm:2.0.2"
  dependencies:
    function-bind: "npm:^1.1.2"
  checksum: 10c0/3769d434703b8ac66b209a4cca0737519925bbdb61dd887f93a16372b14694c63ff4e797686d87c90f08168e81082248b9b028bad60d4da9e0d1148766f56eb9
  languageName: node
  linkType: hard

"import-in-the-middle@npm:^1.8.1":
  version: 1.15.0
  resolution: "import-in-the-middle@npm:1.15.0"
  dependencies:
    acorn: "npm:^8.14.0"
    acorn-import-attributes: "npm:^1.9.5"
    cjs-module-lexer: "npm:^1.2.2"
    module-details-from-path: "npm:^1.0.3"
  checksum: 10c0/43d4efbe75a89c04343fd052ca5d2193adc0e2df93325e50d8b32c31403b2f089a5e2b6e47f4e5413bc4058b9781aaaf61bfe3f0e5e6d7f9487eb112fd095e0d
  languageName: node
  linkType: hard

"is-core-module@npm:^2.16.1":
  version: 2.16.1
  resolution: "is-core-module@npm:2.16.1"
  dependencies:
    hasown: "npm:^2.0.2"
  checksum: 10c0/898443c14780a577e807618aaae2b6f745c8538eca5c7bc11388a3f2dc6de82b9902bcc7eb74f07be672b11bbe82dd6a6edded44a00cb3d8f933d0459905eedd
  languageName: node
  linkType: hard

"js-tiktoken@npm:^1.0.20":
  version: 1.0.21
  resolution: "js-tiktoken@npm:1.0.21"
  dependencies:
    base64-js: "npm:^1.5.1"
  checksum: 10c0/49a0b1e8915d271b84b5c2217fcab37de3124cfbba7e9901d3d9afb1acdd931f0ff7025ed94587dd1b59ae5c04cc19949c2869823854ee7f2f3f81678db276f3
  languageName: node
  linkType: hard

"module-details-from-path@npm:^1.0.3":
  version: 1.0.4
  resolution: "module-details-from-path@npm:1.0.4"
  checksum: 10c0/10863413e96dab07dee917eae07afe46f7bf853065cc75a7d2a718adf67574857fb64f8a2c0c9af12ac733a9a8cf652db7ed39b95f7a355d08106cb9cc50c83b
  languageName: node
  linkType: hard

"ms@npm:^2.1.3":
  version: 2.1.3
  resolution: "ms@npm:2.1.3"
  checksum: 10c0/d924b57e7312b3b63ad21fc5b3dc0af5e78d61a1fc7cfb5457edaf26326bf62be5307cc87ffb6862ef1c2b33b0233cdb5d4f01c4c958cc0d660948b65a287a48
  languageName: node
  linkType: hard

"path-parse@npm:^1.0.7":
  version: 1.0.7
  resolution: "path-parse@npm:1.0.7"
  checksum: 10c0/11ce261f9d294cc7a58d6a574b7f1b935842355ec66fba3c3fd79e0f036462eaf07d0aa95bb74ff432f9afef97ce1926c720988c6a7451d8a584930ae7de86e1
  languageName: node
  linkType: hard

"require-in-the-middle@npm:^7.1.1":
  version: 7.5.2
  resolution: "require-in-the-middle@npm:7.5.2"
  dependencies:
    debug: "npm:^4.3.5"
    module-details-from-path: "npm:^1.0.3"
    resolve: "npm:^1.22.8"
  checksum: 10c0/43a2dac5520e39d13c413650895715e102d6802e6cc6ff322017bd948f12a9657fe28435f7cbbcba437b167f02e192ac7af29fa35cabd5d0c375d071c0605e01
  languageName: node
  linkType: hard

"resolve@npm:^1.22.8":
  version: 1.22.11
  resolution: "resolve@npm:1.22.11"
  dependencies:
    is-core-module: "npm:^2.16.1"
    path-parse: "npm:^1.0.7"
    supports-preserve-symlinks-flag: "npm:^1.0.0"
  bin:
    resolve: bin/resolve
  checksum: 10c0/f657191507530f2cbecb5815b1ee99b20741ea6ee02a59c57028e9ec4c2c8d7681afcc35febbd554ac0ded459db6f2d8153382c53a2f266cee2575e512674409
  languageName: node
  linkType: hard

"resolve@patch:resolve@npm%3A^1.22.8#optional!builtin<compat/resolve>":
  version: 1.22.11
  resolution: "resolve@patch:resolve@npm%3A1.22.11#optional!builtin<compat/resolve>::version=1.22.11&hash=c3c19d"
  dependencies:
    is-core-module: "npm:^2.16.1"
    path-parse: "npm:^1.0.7"
    supports-preserve-symlinks-flag: "npm:^1.0.0"
  bin:
    resolve: bin/resolve
  checksum: 10c0/ee5b182f2e37cb1165465e58c6abc797fec0a80b5ba3231607beb4677db0c9291ac010c47cf092b6daa2b7f518d69a0e21888e7e2b633f68d501a874212a8c63
  languageName: node
  linkType: hard

"supports-preserve-symlinks-flag@npm:^1.0.0":
  version: 1.0.0
  resolution: "supports-preserve-symlinks-flag@npm:1.0.0"
  checksum: 10c0/6c4032340701a9950865f7ae8ef38578d8d7053f5e10518076e6554a9381fa91bd9c6850193695c141f32b21f979c985db07265a758867bac95de05f7d8aeb39
  languageName: node
  linkType: hard

"tslib@npm:^2.8.1":
  version: 2.8.1
  resolution: "tslib@npm:2.8.1"
  checksum: 10c0/9c4759110a19c53f992d9aae23aac5ced636e99887b51b9e61def52611732872ff7668757d4e4c61f19691e36f4da981cd9485e869b4a7408d689f6bf1f14e62
  languageName: node
  linkType: hard

"typescript@npm:^5.7.3":
  version: 5.9.3
  resolution: "typescript@npm:5.9.3"
  bin:
    tsc: bin/tsc
    tsserver: bin/tsserver
  checksum: 10c0/6bd7552ce39f97e711db5aa048f6f9995b53f1c52f7d8667c1abdc1700c68a76a308f579cd309ce6b53646deb4e9a1be7c813a93baaf0a28ccd536a30270e1c5
  languageName: node
  linkType: hard

"typescript@patch:typescript@npm%3A^5.7.3#optional!builtin<compat/typescript>":
  version: 5.9.3
  resolution: "typescript@patch:typescript@npm%3A5.9.3#optional!builtin<compat/typescript>::version=5.9.3&hash=5786d5"
  bin:
    tsc: bin/tsc
    tsserver: bin/tsserver
  checksum: 10c0/ad09fdf7a756814dce65bc60c1657b40d44451346858eea230e10f2e95a289d9183b6e32e5c11e95acc0ccc214b4f36289dcad4bf1886b0adb84d711d336a430
  languageName: node
  linkType: hard

"undici-types@npm:~6.21.0":
  version: 6.21.0
  resolution: "undici-types@npm:6.21.0"
  checksum: 10c0/c01ed51829b10aa72fc3ce64b747f8e74ae9b60eafa19a7b46ef624403508a54c526ffab06a14a26b3120d055e1104d7abe7c9017e83ced038ea5cf52f8d5e04
  languageName: node
  linkType: hard
