# This file is generated by running "yarn install" inside your project.
# Manual changes might be lost - proceed with caution!

__metadata:
  version: 8
  cacheKey: 10c0

"@opentelemetry/api@npm:^1.9.0":
  version: 1.9.0
  resolution: "@opentelemetry/api@npm:1.9.0"
  checksum: 10c0/9aae2fe6e8a3a3eeb6c1fdef78e1939cf05a0f37f8a4fae4d6bf2e09eb1e06f966ece85805626e01ba5fab48072b94f19b835449e58b6d26720ee19a58298add
  languageName: node
  linkType: hard

"@opentelemetry/core@npm:2.5.0, @opentelemetry/core@npm:^2.0.1":
  version: 2.5.0
  resolution: "@opentelemetry/core@npm:2.5.0"
  dependencies:
    "@opentelemetry/semantic-conventions": "npm:^1.29.0"
  peerDependencies:
    "@opentelemetry/api": ">=1.0.0 <1.10.0"
  checksum: 10c0/5bc67c74513036bb5a22955027382f24cff405601837546e66588ef9c87c161b7e872ed1ac63d910f88288ec1c0f00fc5ea5e750c9d63b2dabd3ab4a30fcf7b8
  languageName: node
  linkType: hard

"@opentelemetry/resources@npm:2.5.0":
  version: 2.5.0
  resolution: "@opentelemetry/resources@npm:2.5.0"
  dependencies:
    "@opentelemetry/core": "npm:2.5.0"
    "@opentelemetry/semantic-conventions": "npm:^1.29.0"
  peerDependencies:
    "@opentelemetry/api": ">=1.3.0 <1.10.0"
  checksum: 10c0/30073a5db368e5ed8c44ac87e6ebd4da53b5050e14e367610fa79a049eee3e5e5a82c4fbc1a9cc539d845b68983b74643c094e111baf114159e75ded1d67db08
  languageName: node
  linkType: hard

"@opentelemetry/sdk-trace-base@npm:^2.0.1":
  version: 2.5.0
  resolution: "@opentelemetry/sdk-trace-base@npm:2.5.0"
  dependencies:
    "@opentelemetry/core": "npm:2.5.0"
    "@opentelemetry/resources": "npm:2.5.0"
    "@opentelemetry/semantic-conventions": "npm:^1.29.0"
  peerDependencies:
    "@opentelemetry/api": ">=1.3.0 <1.10.0"
  checksum: 10c0/5b9f90f128dbdfdda4ccd17a3fa7580cf8389d30c0b5be34d810d5cf2873954c6c662241d0a88caa217e691720c40daebb189e1baf4ba93620c153ae9ee4672a
  languageName: node
  linkType: hard

"@opentelemetry/semantic-conventions@npm:^1.29.0":
  version: 1.39.0
  resolution: "@opentelemetry/semantic-conventions@npm:1.39.0"
  checksum: 10c0/1a8cc16e83ccd80aeb910e78146e8cde8482ac45feb3693348eec5983d8ad254f977f2b61db76f043ab0fa6009a27df610a9cff286a217d6cd4c114216861d0f
  languageName: node
  linkType: hard

"@respan/exporter-vercel@workspace:.":
  version: 0.0.0-use.local
  resolution: "@respan/exporter-vercel@workspace:."
  dependencies:
    "@opentelemetry/api": "npm:^1.9.0"
    "@opentelemetry/core": "npm:^2.0.1"
    "@opentelemetry/sdk-trace-base": "npm:^2.0.1"
    "@respan/respan-sdk": "npm:^1.1.2"
    "@types/node": "npm:^24.0.1"
    typescript: "npm:^5.9.2"
  languageName: unknown
  linkType: soft

"@respan/respan-sdk@npm:^1.1.2":
  version: 1.1.2
  resolution: "@respan/respan-sdk@npm:1.1.2"
  dependencies:
    "@opentelemetry/api": "npm:^1.9.0"
    "@opentelemetry/core": "npm:^2.0.1"
    "@opentelemetry/sdk-trace-base": "npm:^2.0.1"
    typescript: "npm:^5.8.3"
    zod: "npm:^4.1.12"
  checksum: 10c0/9fa892804973714c5ce885ffd1e1716ac88325d123762ab1aad9bdf877c1ea83194e6461a5f055ca2b5b5f48df6514bf4194789059928f071d3499905f826ef3
  languageName: node
  linkType: hard

"@types/node@npm:^24.0.1":
  version: 24.10.10
  resolution: "@types/node@npm:24.10.10"
  dependencies:
    undici-types: "npm:~7.16.0"
  checksum: 10c0/ae6871069373cf9ea2f9f9c6d42af6d0a66a213f8688c1b4ced6466cbcdd0f926e4603480a454b1df330feb1243d2ac50749895eddf5667e25e6873d3f8b9488
  languageName: node
  linkType: hard

"typescript@npm:^5.8.3, typescript@npm:^5.9.2":
  version: 5.9.3
  resolution: "typescript@npm:5.9.3"
  bin:
    tsc: bin/tsc
    tsserver: bin/tsserver
  checksum: 10c0/6bd7552ce39f97e711db5aa048f6f9995b53f1c52f7d8667c1abdc1700c68a76a308f579cd309ce6b53646deb4e9a1be7c813a93baaf0a28ccd536a30270e1c5
  languageName: node
  linkType: hard

"typescript@patch:typescript@npm%3A^5.8.3#optional!builtin<compat/typescript>, typescript@patch:typescript@npm%3A^5.9.2#optional!builtin<compat/typescript>":
  version: 5.9.3
  resolution: "typescript@patch:typescript@npm%3A5.9.3#optional!builtin<compat/typescript>::version=5.9.3&hash=5786d5"
  bin:
    tsc: bin/tsc
    tsserver: bin/tsserver
  checksum: 10c0/ad09fdf7a756814dce65bc60c1657b40d44451346858eea230e10f2e95a289d9183b6e32e5c11e95acc0ccc214b4f36289dcad4bf1886b0adb84d711d336a430
  languageName: node
  linkType: hard

"undici-types@npm:~7.16.0":
  version: 7.16.0
  resolution: "undici-types@npm:7.16.0"
  checksum: 10c0/3033e2f2b5c9f1504bdc5934646cb54e37ecaca0f9249c983f7b1fc2e87c6d18399ebb05dc7fd5419e02b2e915f734d872a65da2e3eeed1813951c427d33cc9a
  languageName: node
  linkType: hard

"zod@npm:^4.1.12":
  version: 4.3.6
  resolution: "zod@npm:4.3.6"
  checksum: 10c0/860d25a81ab41d33aa25f8d0d07b091a04acb426e605f396227a796e9e800c44723ed96d0f53a512b57be3d1520f45bf69c0cb3b378a232a00787a2609625307
  languageName: node
  linkType: hard
